
Microsoft Visual Studio Solution File, Format Version 12.00
# Visual Studio Version 17
VisualStudioVersion = 17.7.34031.279
MinimumVisualStudioVersion = 10.0.40219.1
Project("{FAE04EC0-301F-11D3-BF4B-00C04F79EFBC}") = "MSIT153", "MSIT153.csproj", "{E262A145-3888-4B79-AE34-705C782B4F41}"
EndProject
Global
	GlobalSection(SolutionConfigurationPlatforms) = preSolution
		Debug|Any CPU = Debug|Any CPU
		Release|Any CPU = Release|Any CPU
	EndGlobalSection
	GlobalSection(ProjectConfigurationPlatforms) = postSolution
		{E262A145-3888-4B79-AE34-705C782B4F41}.Debug|Any CPU.ActiveCfg = Debug|Any CPU
		{E262A145-3888-4B79-AE34-705C782B4F41}.Debug|Any CPU.Build.0 = Debug|Any CPU
		{E262A145-3888-4B79-AE34-705C782B4F41}.Release|Any CPU.ActiveCfg = Release|Any CPU
		{E262A145-3888-4B79-AE34-705C782B4F41}.Release|Any CPU.Build.0 = Release|Any CPU
	EndGlobalSection
	GlobalSection(SolutionProperties) = preSolution
		HideSolutionNode = FALSE
	EndGlobalSection
	GlobalSection(ExtensibilityGlobals) = postSolution
		SolutionGuid = {62BCE078-CB82-422A-B41E-2A2E5CB018F1}
	EndGlobalSection
EndGlobal
